{
  "name": "app",
  "version": "1.0.0",
  "lockfileVersion": 3,
  "requires": true,
  "packages": {
    "": {
      "name": "app",
      "version": "1.0.0",
      "license": "ISC",
      "dependencies": {
        "lion-lib-jk2257": "^1.0.0"
      }
    },
    "node_modules/lion-lib-jk2257": {
      "version": "1.0.0",
      "resolved": "https://registry.npmjs.org/lion-lib-jk2257/-/lion-lib-jk2257-1.0.0.tgz",
      "integrity": "sha512-fDvmHj6NGrieZYrH4pDJuLASoSgoUCZ4xGESX5Sv6F4k3ps4K700N4/838scDBOwC3Wu3/fkp+M3qUoIhWvUYw==",
      "license": "ISC"
    }
  }
}
